github.com/quasilyte/go-ruleguard/dsl v0.3.23 h1:lxjt5B6ZCiBeeNO8/oQsegE6fLeCzuMRoVWSkXC4uvY=
github.com/quasilyte/go-ruleguard/dsl v0.3.23/go.mod h1:KeCP03KrjuSO0H1kTuZQCWlQPulDV6YMIXmpQss17rU=
github.com/tphakala/simd v1.8.0 h1:VeJhos1/QbYqy3nkBlqU4D9T0OxfUEOJZ8pEzMmVJNc=
github.com/tphakala/simd v1.8.0/go.mod h1:RDX4bQNU8wV5JAYHEkic0l1CcQpBUwV7odEISuOvpUY=
golang.org/x/sys v0.45.0 h1:dO4czNzziLiiXplLQgBCEpCvXQ3dnkn0SdaZSYdQ+FY=
golang.org/x/sys v0.45.0/go.mod h1:4GL1E5IUh+htKOUEOaiffhrAeqysfVGipDYzABqnCmw=
